// !$*UTF8*$!
{
	archiveVersion = 1;
	classes = {
	};
	objectVersion = 56;
	objects = {

/* Begin PBXBuildFile section */
		92E8191C2BB0C1FD0042C051 /* PocketTrainerApp.swift in Sources */ = {isa = PBXBuildFile; fileRef = 92E8191B2BB0C1FD0042C051 /* PocketTrainerApp.swift */; };
		92E8191E2BB0C1FD0042C051 /* RegistrationView.swift in Sources */ = {isa = PBXBuildFile; fileRef = 92E8191D2BB0C1FD0042C051 /* RegistrationView.swift */; };
		92E819202BB0C1FF0042C051 /* Assets.xcassets in Resources */ = {isa = PBXBuildFile; fileRef = 92E8191F2BB0C1FF0042C051 /* Assets.xcassets */; };
		92E819232BB0C1FF0042C051 /* Preview Assets.xcassets in Resources */ = {isa = PBXBuildFile; fileRef = 92E819222BB0C1FF0042C051 /* Preview Assets.xcassets */; };
		92E8192D2BB1FDF50042C051 /* RegistrationViewModel.swift in Sources */ = {isa = PBXBuildFile; fileRef = 92E8192C2BB1FDF50042C051 /* RegistrationViewModel.swift */; };
		92E8192F2BB208150042C051 /* JoinUsView.swift in Sources */ = {isa = PBXBuildFile; fileRef = 92E8192E2BB208150042C051 /* JoinUsView.swift */; };
		92E819312BB208270042C051 /* SignInView.swift in Sources */ = {isa = PBXBuildFile; fileRef = 92E819302BB208270042C051 /* SignInView.swift */; };
		92E819332BB208D20042C051 /* JoinUsViewModel.swift in Sources */ = {isa = PBXBuildFile; fileRef = 92E819322BB208D20042C051 /* JoinUsViewModel.swift */; };
		92E819352BB20DE70042C051 /* SignInViewModel.swift in Sources */ = {isa = PBXBuildFile; fileRef = 92E819342BB20DE70042C051 /* SignInViewModel.swift */; };
		92E819382BB20E6A0042C051 /* CustomTextFieldStyle.swift in Sources */ = {isa = PBXBuildFile; fileRef = 92E819372BB20E6A0042C051 /* CustomTextFieldStyle.swift */; };
/* End PBXBuildFile section */

/* Begin PBXFileReference section */
		92E819182BB0C1FD0042C051 /* PocketTrainer.app */ = {isa = PBXFileReference; explicitFileType = wrapper.application; includeInIndex = 0; path = PocketTrainer.app; sourceTree = BUILT_PRODUCTS_DIR; };
		92E8191B2BB0C1FD0042C051 /* PocketTrainerApp.swift */ = {isa = PBXFileReference; lastKnownFileType = sourcecode.swift; path = PocketTrainerApp.swift; sourceTree = "<group>"; };
		92E8191D2BB0C1FD0042C051 /* RegistrationView.swift */ = {isa = PBXFileReference; lastKnownFileType = sourcecode.swift; path = RegistrationView.swift; sourceTree = "<group>"; };
		92E8191F2BB0C1FF0042C051 /* Assets.xcassets */ = {isa = PBXFileReference; lastKnownFileType = folder.assetcatalog; path = Assets.xcassets; sourceTree = "<group>"; };
		92E819222BB0C1FF0042C051 /* Preview Assets.xcassets */ = {isa = PBXFileReference; lastKnownFileType = folder.assetcatalog; path = "Preview Assets.xcassets"; sourceTree = "<group>"; };
		92E8192C2BB1FDF50042C051 /* RegistrationViewModel.swift */ = {isa = PBXFileReference; lastKnownFileType = sourcecode.swift; path = RegistrationViewModel.swift; sourceTree = "<group>"; };
		92E8192E2BB208150042C051 /* JoinUsView.swift */ = {isa = PBXFileReference; lastKnownFileType = sourcecode.swift; path = JoinUsView.swift; sourceTree = "<group>"; };
		92E819302BB208270042C051 /* SignInView.swift */ = {isa = PBXFileReference; lastKnownFileType = sourcecode.swift; path = SignInView.swift; sourceTree = "<group>"; };
		92E819322BB208D20042C051 /* JoinUsViewModel.swift */ = {isa = PBXFileReference; lastKnownFileType = sourcecode.swift; path = JoinUsViewModel.swift; sourceTree = "<group>"; };
		92E819342BB20DE70042C051 /* SignInViewModel.swift */ = {isa = PBXFileReference; lastKnownFileType = sourcecode.swift; path = SignInViewModel.swift; sourceTree = "<group>"; };
		92E819372BB20E6A0042C051 /* CustomTextFieldStyle.swift */ = {isa = PBXFileReference; lastKnownFileType = sourcecode.swift; path = CustomTextFieldStyle.swift; sourceTree = "<group>"; };
/* End PBXFileReference section */

/* Begin PBXFrameworksBuildPhase section */
		92E819152BB0C1FD0042C051 /* Frameworks */ = {
			isa = PBXFrameworksBuildPhase;
			buildActionMask = 2147483647;
			files = (
			);
			runOnlyForDeploymentPostprocessing = 0;
		};
/* End PBXFrameworksBuildPhase section */

/* Begin PBXGroup section */
		92E8190F2BB0C1FD0042C051 = {
			isa = PBXGroup;
			children = (
				92E8191A2BB0C1FD0042C051 /* PocketTrainer */,
				92E819192BB0C1FD0042C051 /* Products */,
			);
			sourceTree = "<group>";
		};
		92E819192BB0C1FD0042C051 /* Products */ = {
			isa = PBXGroup;
			children = (
				92E819182BB0C1FD0042C051 /* PocketTrainer.app */,
			);
			name = Products;
			sourceTree = "<group>";
		};
		92E8191A2BB0C1FD0042C051 /* PocketTrainer */ = {
			isa = PBXGroup;
			children = (
				92E819362BB20E420042C051 /* Style */,
				92E8192B2BB1F85A0042C051 /* Models */,
				92E8192A2BB1F8520042C051 /* View */,
				92E819292BB1F8430042C051 /* ViewModels */,
				92E8191B2BB0C1FD0042C051 /* PocketTrainerApp.swift */,
				92E8191F2BB0C1FF0042C051 /* Assets.xcassets */,
				92E819212BB0C1FF0042C051 /* Preview Content */,
			);
			path = PocketTrainer;
			sourceTree = "<group>";
		};
		92E819212BB0C1FF0042C051 /* Preview Content */ = {
			isa = PBXGroup;
			children = (
				92E819222BB0C1FF0042C051 /* Preview Assets.xcassets */,
			);
			path = "Preview Content";
			sourceTree = "<group>";
		};
		92E819292BB1F8430042C051 /* ViewModels */ = {
			isa = PBXGroup;
			children = (
				92E8192C2BB1FDF50042C051 /* RegistrationViewModel.swift */,
				92E819322BB208D20042C051 /* JoinUsViewModel.swift */,
				92E819342BB20DE70042C051 /* SignInViewModel.swift */,
			);
			path = ViewModels;
			sourceTree = "<group>";
		};
		92E8192A2BB1F8520042C051 /* View */ = {
			isa = PBXGroup;
			children = (
				92E8191D2BB0C1FD0042C051 /* RegistrationView.swift */,
				92E8192E2BB208150042C051 /* JoinUsView.swift */,
				92E819302BB208270042C051 /* SignInView.swift */,
			);
			path = View;
			sourceTree = "<group>";
		};
		92E8192B2BB1F85A0042C051 /* Models */ = {
			isa = PBXGroup;
			children = (
			);
			path = Models;
			sourceTree = "<group>";
		};
		92E819362BB20E420042C051 /* Style */ = {
			isa = PBXGroup;
			children = (
				92E819372BB20E6A0042C051 /* CustomTextFieldStyle.swift */,
			);
			path = Style;
			sourceTree = "<group>";
		};
/* End PBXGroup section */

/* Begin PBXNativeTarget section */
		92E819172BB0C1FD0042C051 /* PocketTrainer */ = {
			isa = PBXNativeTarget;
			buildConfigurationList = 92E819262BB0C1FF0042C051 /* Build configuration list for PBXNativeTarget "PocketTrainer" */;
			buildPhases = (
				92E819142BB0C1FD0042C051 /* Sources */,
				92E819152BB0C1FD0042C051 /* Frameworks */,
				92E819162BB0C1FD0042C051 /* Resources */,
			);
			buildRules = (
			);
			dependencies = (
			);
			name = PocketTrainer;
			productName = PocketTrainer;
			productReference = 92E819182BB0C1FD0042C051 /* PocketTrainer.app */;
			productType = "com.apple.product-type.application";
		};
/* End PBXNativeTarget section */

/* Begin PBXProject section */
		92E819102BB0C1FD0042C051 /* Project object */ = {
			isa = PBXProject;
			attributes = {
				BuildIndependentTargetsInParallel = 1;
				LastSwiftUpdateCheck = 1520;
				LastUpgradeCheck = 1520;
				TargetAttributes = {
					92E819172BB0C1FD0042C051 = {
						CreatedOnToolsVersion = 15.2;
					};
				};
			};
			buildConfigurationList = 92E819132BB0C1FD0042C051 /* Build configuration list for PBXProject "PocketTrainer" */;
			compatibilityVersion = "Xcode 14.0";
			developmentRegion = en;
			hasScannedForEncodings = 0;
			knownRegions = (
				en,
				Base,
			);
			mainGroup = 92E8190F2BB0C1FD0042C051;
			productRefGroup = 92E819192BB0C1FD0042C051 /* Products */;
			projectDirPath = "";
			projectRoot = "";
			targets = (
				92E819172BB0C1FD0042C051 /* PocketTrainer */,
			);
		};
/* End PBXProject section */

/* Begin PBXResourcesBuildPhase section */
		92E819162BB0C1FD0042C051 /* Resources */ = {
			isa = PBXResourcesBuildPhase;
			buildActionMask = 2147483647;
			files = (
				92E819232BB0C1FF0042C051 /* Preview Assets.xcassets in Resources */,
				92E819202BB0C1FF0042C051 /* Assets.xcassets in Resources */,
			);
			runOnlyForDeploymentPostprocessing = 0;
		};
/* End PBXResourcesBuildPhase section */

/* Begin PBXSourcesBuildPhase section */
		92E819142BB0C1FD0042C051 /* Sources */ = {
			isa = PBXSourcesBuildPhase;
			buildActionMask = 2147483647;
			files = (
				92E8191E2BB0C1FD0042C051 /* RegistrationView.swift in Sources */,
				92E819352BB20DE70042C051 /* SignInViewModel.swift in Sources */,
				92E819382BB20E6A0042C051 /* CustomTextFieldStyle.swift in Sources */,
				92E8192D2BB1FDF50042C051 /* RegistrationViewModel.swift in Sources */,
				92E8192F2BB208150042C051 /* JoinUsView.swift in Sources */,
				92E8191C2BB0C1FD0042C051 /* PocketTrainerApp.swift in Sources */,
				92E819332BB208D20042C051 /* JoinUsViewModel.swift in Sources */,
				92E819312BB208270042C051 /* SignInView.swift in Sources */,
			);
			runOnlyForDeploymentPostprocessing = 0;
		};
/* End PBXSourcesBuildPhase section */

/* Begin XCBuildConfiguration section */
		92E819242BB0C1FF0042C051 /* Debug */ = {
			isa = XCBuildConfiguration;
			buildSettings = {
				ALWAYS_SEARCH_USER_PATHS = NO;
				ASSETCATALOG_COMPILER_GENERATE_SWIFT_ASSET_SYMBOL_EXTENSIONS = YES;
				CLANG_ANALYZER_NONNULL = YES;
				CLANG_ANALYZER_NUMBER_OBJECT_CONVERSION = YES_AGGRESSIVE;
				CLANG_CXX_LANGUAGE_STANDARD = "gnu++20";
				CLANG_ENABLE_MODULES = YES;
				CLANG_ENABLE_OBJC_ARC = YES;
				CLANG_ENABLE_OBJC_WEAK = YES;
				CLANG_WARN_BLOCK_CAPTURE_AUTORELEASING = YES;
				CLANG_WARN_BOOL_CONVERSION = YES;
				CLANG_WARN_COMMA = YES;
				CLANG_WARN_CONSTANT_CONVERSION = YES;
				CLANG_WARN_DEPRECATED_OBJC_IMPLEMENTATIONS = YES;
				CLANG_WARN_DIRECT_OBJC_ISA_USAGE = YES_ERROR;
				CLANG_WARN_DOCUMENTATION_COMMENTS = YES;
				CLANG_WARN_EMPTY_BODY = YES;
				CLANG_WARN_ENUM_CONVERSION = YES;
				CLANG_WARN_INFINITE_RECURSION = YES;
				CLANG_WARN_INT_CONVERSION = YES;
				CLANG_WARN_NON_LITERAL_NULL_CONVERSION = YES;
				CLANG_WARN_OBJC_IMPLICIT_RETAIN_SELF = YES;
				CLANG_WARN_OBJC_LITERAL_CONVERSION = YES;
				CLANG_WARN_OBJC_ROOT_CLASS = YES_ERROR;
				CLANG_WARN_QUOTED_INCLUDE_IN_FRAMEWORK_HEADER = YES;
				CLANG_WARN_RANGE_LOOP_ANALYSIS = YES;
				CLANG_WARN_STRICT_PROTOTYPES = YES;
				CLANG_WARN_SUSPICIOUS_MOVE = YES;
				CLANG_WARN_UNGUARDED_AVAILABILITY = YES_AGGRESSIVE;
				CLANG_WARN_UNREACHABLE_CODE = YES;
				CLANG_WARN__DUPLICATE_METHOD_MATCH = YES;
				COPY_PHASE_STRIP = NO;
				DEBUG_INFORMATION_FORMAT = dwarf;
				ENABLE_STRICT_OBJC_MSGSEND = YES;
				ENABLE_TESTABILITY = YES;
				ENABLE_USER_SCRIPT_SANDBOXING = YES;
				GCC_C_LANGUAGE_STANDARD = gnu17;
				GCC_DYNAMIC_NO_PIC = NO;
				GCC_NO_COMMON_BLOCKS = YES;
				GCC_OPTIMIZATION_LEVEL = 0;
				GCC_PREPROCESSOR_DEFINITIONS = (
					"DEBUG=1",
					"$(inherited)",
				);
				GCC_WARN_64_TO_32_BIT_CONVERSION = YES;
				GCC_WARN_ABOUT_RETURN_TYPE = YES_ERROR;
				GCC_WARN_UNDECLARED_SELECTOR = YES;
				GCC_WARN_UNINITIALIZED_AUTOS = YES_AGGRESSIVE;
				GCC_WARN_UNUSED_FUNCTION = YES;
				GCC_WARN_UNUSED_VARIABLE = YES;
				IPHONEOS_DEPLOYMENT_TARGET = 17.2;
				LOCALIZATION_PREFERS_STRING_CATALOGS = YES;
				MTL_ENABLE_DEBUG_INFO = INCLUDE_SOURCE;
				MTL_FAST_MATH = YES;
				ONLY_ACTIVE_ARCH = YES;
				SDKROOT = iphoneos;
				SWIFT_ACTIVE_COMPILATION_CONDITIONS = "DEBUG $(inherited)";
				SWIFT_OPTIMIZATION_LEVEL = "-Onone";
			};
			name = Debug;
		};
		92E819252BB0C1FF0042C051 /* Release */ = {
			isa = XCBuildConfiguration;
			buildSettings = {
				ALWAYS_SEARCH_USER_PATHS = NO;
				ASSETCATALOG_COMPILER_GENERATE_SWIFT_ASSET_SYMBOL_EXTENSIONS = YES;
				CLANG_ANALYZER_NONNULL = YES;
				CLANG_ANALYZER_NUMBER_OBJECT_CONVERSION = YES_AGGRESSIVE;
				CLANG_CXX_LANGUAGE_STANDARD = "gnu++20";
				CLANG_ENABLE_MODULES = YES;
				CLANG_ENABLE_OBJC_ARC = YES;
				CLANG_ENABLE_OBJC_WEAK = YES;
				CLANG_WARN_BLOCK_CAPTURE_AUTORELEASING = YES;
				CLANG_WARN_BOOL_CONVERSION = YES;
				CLANG_WARN_COMMA = YES;
				CLANG_WARN_CONSTANT_CONVERSION = YES;
				CLANG_WARN_DEPRECATED_OBJC_IMPLEMENTATIONS = YES;
				CLANG_WARN_DIRECT_OBJC_ISA_USAGE = YES_ERROR;
				CLANG_WARN_DOCUMENTATION_COMMENTS = YES;
				CLANG_WARN_EMPTY_BODY = YES;
				CLANG_WARN_ENUM_CONVERSION = YES;
				CLANG_WARN_INFINITE_RECURSION = YES;
				CLANG_WARN_INT_CONVERSION = YES;
				CLANG_WARN_NON_LITERAL_NULL_CONVERSION = YES;
				CLANG_WARN_OBJC_IMPLICIT_RETAIN_SELF = YES;
				CLANG_WARN_OBJC_LITERAL_CONVERSION = YES;
				CLANG_WARN_OBJC_ROOT_CLASS = YES_ERROR;
				CLANG_WARN_QUOTED_INCLUDE_IN_FRAMEWORK_HEADER = YES;
				CLANG_WARN_RANGE_LOOP_ANALYSIS = YES;
				CLANG_WARN_STRICT_PROTOTYPES = YES;
				CLANG_WARN_SUSPICIOUS_MOVE = YES;
				CLANG_WARN_UNGUARDED_AVAILABILITY = YES_AGGRESSIVE;
				CLANG_WARN_UNREACHABLE_CODE = YES;
				CLANG_WARN__DUPLICATE_METHOD_MATCH = YES;
				COPY_PHASE_STRIP = NO;
				DEBUG_INFORMATION_FORMAT = "dwarf-with-dsym";
				ENABLE_NS_ASSERTIONS = NO;
				ENABLE_STRICT_OBJC_MSGSEND = YES;
				ENABLE_USER_SCRIPT_SANDBOXING = YES;
				GCC_C_LANGUAGE_STANDARD = gnu17;
				GCC_NO_COMMON_BLOCKS = YES;
				GCC_WARN_64_TO_32_BIT_CONVERSION = YES;
				GCC_WARN_ABOUT_RETURN_TYPE = YES_ERROR;
				GCC_WARN_UNDECLARED_SELECTOR = YES;
				GCC_WARN_UNINITIALIZED_AUTOS = YES_AGGRESSIVE;
				GCC_WARN_UNUSED_FUNCTION = YES;
				GCC_WARN_UNUSED_VARIABLE = YES;
				IPHONEOS_DEPLOYMENT_TARGET = 17.2;
				LOCALIZATION_PREFERS_STRING_CATALOGS = YES;
				MTL_ENABLE_DEBUG_INFO = NO;
				MTL_FAST_MATH = YES;
				SDKROOT = iphoneos;
				SWIFT_COMPILATION_MODE = wholemodule;
				VALIDATE_PRODUCT = YES;
			};
			name = Release;
		};
		92E819272BB0C1FF0042C051 /* Debug */ = {
			isa = XCBuildConfiguration;
			buildSettings = {
				ASSETCATALOG_COMPILER_APPICON_NAME = AppIcon;
				ASSETCATALOG_COMPILER_GLOBAL_ACCENT_COLOR_NAME = AccentColor;
				CODE_SIGN_STYLE = Automatic;
				CURRENT_PROJECT_VERSION = 1;
				DEVELOPMENT_ASSET_PATHS = "\"PocketTrainer/Preview Content\"";
				DEVELOPMENT_TEAM = U64PC6F3M5;
				ENABLE_PREVIEWS = YES;
				GENERATE_INFOPLIST_FILE = YES;
				INFOPLIST_KEY_UIApplicationSceneManifest_Generation = YES;
				INFOPLIST_KEY_UIApplicationSupportsIndirectInputEvents = YES;
				INFOPLIST_KEY_UILaunchScreen_Generation = YES;
				INFOPLIST_KEY_UISupportedInterfaceOrientations_iPad = "UIInterfaceOrientationPortrait UIInterfaceOrientationPortraitUpsideDown UIInterfaceOrientationLandscapeLeft UIInterfaceOrientationLandscapeRight";
				INFOPLIST_KEY_UISupportedInterfaceOrientations_iPhone = "UIInterfaceOrientationPortrait UIInterfaceOrientationLandscapeLeft UIInterfaceOrientationLandscapeRight";
				LD_RUNPATH_SEARCH_PATHS = (
					"$(inherited)",
					"@executable_path/Frameworks",
				);
				MARKETING_VERSION = 1.0;
				PRODUCT_BUNDLE_IDENTIFIER = "khatsuk007-gmail.com.PocketTrainer";
				PRODUCT_NAME = "$(TARGET_NAME)";
				SWIFT_EMIT_LOC_STRINGS = YES;
				SWIFT_VERSION = 5.0;
				TARGETED_DEVICE_FAMILY = "1,2";
			};
			name = Debug;
		};
		92E819282BB0C1FF0042C051 /* Release */ = {
			isa = XCBuildConfiguration;
			buildSettings = {
				ASSETCATALOG_COMPILER_APPICON_NAME = AppIcon;
				ASSETCATALOG_COMPILER_GLOBAL_ACCENT_COLOR_NAME = AccentColor;
				CODE_SIGN_STYLE = Automatic;
				CURRENT_PROJECT_VERSION = 1;
				DEVELOPMENT_ASSET_PATHS = "\"PocketTrainer/Preview Content\"";
				DEVELOPMENT_TEAM = U64PC6F3M5;
				ENABLE_PREVIEWS = YES;
				GENERATE_INFOPLIST_FILE = YES;
				INFOPLIST_KEY_UIApplicationSceneManifest_Generation = YES;
				INFOPLIST_KEY_UIApplicationSupportsIndirectInputEvents = YES;
				INFOPLIST_KEY_UILaunchScreen_Generation = YES;
				INFOPLIST_KEY_UISupportedInterfaceOrientations_iPad = "UIInterfaceOrientationPortrait UIInterfaceOrientationPortraitUpsideDown UIInterfaceOrientationLandscapeLeft UIInterfaceOrientationLandscapeRight";
				INFOPLIST_KEY_UISupportedInterfaceOrientations_iPhone = "UIInterfaceOrientationPortrait UIInterfaceOrientationLandscapeLeft UIInterfaceOrientationLandscapeRight";
				LD_RUNPATH_SEARCH_PATHS = (
					"$(inherited)",
					"@executable_path/Frameworks",
				);
				MARKETING_VERSION = 1.0;
				PRODUCT_BUNDLE_IDENTIFIER = "khatsuk007-gmail.com.PocketTrainer";
				PRODUCT_NAME = "$(TARGET_NAME)";
				SWIFT_EMIT_LOC_STRINGS = YES;
				SWIFT_VERSION = 5.0;
				TARGETED_DEVICE_FAMILY = "1,2";
			};
			name = Release;
		};
/* End XCBuildConfiguration section */

/* Begin XCConfigurationList section */
		92E819132BB0C1FD0042C051 /* Build configuration list for PBXProject "PocketTrainer" */ = {
			isa = XCConfigurationList;
			buildConfigurations = (
				92E819242BB0C1FF0042C051 /* Debug */,
				92E819252BB0C1FF0042C051 /* Release */,
			);
			defaultConfigurationIsVisible = 0;
			defaultConfigurationName = Release;
		};
		92E819262BB0C1FF0042C051 /* Build configuration list for PBXNativeTarget "PocketTrainer" */ = {
			isa = XCConfigurationList;
			buildConfigurations = (
				92E819272BB0C1FF0042C051 /* Debug */,
				92E819282BB0C1FF0042C051 /* Release */,
			);
			defaultConfigurationIsVisible = 0;
			defaultConfigurationName = Release;
		};
/* End XCConfigurationList section */
	};
	rootObject = 92E819102BB0C1FD0042C051 /* Project object */;
}
